
Microsoft Visual Studio Solution File, Format Version 12.00
# Visual Studio Version 16
VisualStudioVersion = 16.0.33920.266
MinimumVisualStudioVersion = 10.0.40219.1
Project("{8BC9CEB8-8B4A-11D0-8D11-00A0C91BC942}") = "Stack", "Stack\Stack.vcxproj", "{DDE34366-C2CB-442D-A6C1-A47C4AAF420A}"
EndProject
Global
	GlobalSection(SolutionConfigurationPlatforms) = preSolution
		Debug|x64 = Debug|x64
		Debug|x86 = Debug|x86
		Release|x64 = Release|x64
		Release|x86 = Release|x86
	EndGlobalSection
	GlobalSection(ProjectConfigurationPlatforms) = postSolution
		{DDE34366-C2CB-442D-A6C1-A47C4AAF420A}.Debug|x64.ActiveCfg = Debug|x64
		{DDE34366-C2CB-442D-A6C1-A47C4AAF420A}.Debug|x64.Build.0 = Debug|x64
		{DDE34366-C2CB-442D-A6C1-A47C4AAF420A}.Debug|x86.ActiveCfg = Debug|Win32
		{DDE34366-C2CB-442D-A6C1-A47C4AAF420A}.Debug|x86.Build.0 = Debug|Win32
		{DDE34366-C2CB-442D-A6C1-A47C4AAF420A}.Release|x64.ActiveCfg = Release|x64
		{DDE34366-C2CB-442D-A6C1-A47C4AAF420A}.Release|x64.Build.0 = Release|x64
		{DDE34366-C2CB-442D-A6C1-A47C4AAF420A}.Release|x86.ActiveCfg = Release|Win32
		{DDE34366-C2CB-442D-A6C1-A47C4AAF420A}.Release|x86.Build.0 = Release|Win32
	EndGlobalSection
	GlobalSection(SolutionProperties) = preSolution
		HideSolutionNode = FALSE
	EndGlobalSection
	GlobalSection(ExtensibilityGlobals) = postSolution
		SolutionGuid = {A29A0DF9-8D04-46CE-81DD-7ED4AF1DE268}
	EndGlobalSection
EndGlobal
